
Microsoft Visual Studio Solution File, Format Version 12.00
# Visual Studio 2015
Project("{FAE04EC0-301F-11D3-BF4B-00C04F79EFBC}") = "bearwitchproject.CSharp.Plugins", "bearwitchproject.CSharp.Plugins.csproj", "{9BDE0E37-108F-BE58-367F-83F7A747E2C5}"
EndProject
Project("{FAE04EC0-301F-11D3-BF4B-00C04F79EFBC}") = "bearwitchproject.CSharp", "bearwitchproject.CSharp.csproj", "{B31C97C0-A138-4E57-83EC-4F564CFEC07E}"
EndProject
Project("{FAE04EC0-301F-11D3-BF4B-00C04F79EFBC}") = "bearwitchproject.CSharp.Editor", "bearwitchproject.CSharp.Editor.csproj", "{8CE4F511-11BB-2EF1-DE13-461D4814B097}"
EndProject
Global
	GlobalSection(SolutionConfigurationPlatforms) = preSolution
		Debug|Any CPU = Debug|Any CPU
		Release|Any CPU = Release|Any CPU
	EndGlobalSection
	GlobalSection(ProjectConfigurationPlatforms) = postSolution
		{9BDE0E37-108F-BE58-367F-83F7A747E2C5}.Debug|Any CPU.ActiveCfg = Debug|Any CPU
		{9BDE0E37-108F-BE58-367F-83F7A747E2C5}.Debug|Any CPU.Build.0 = Debug|Any CPU
		{9BDE0E37-108F-BE58-367F-83F7A747E2C5}.Release|Any CPU.ActiveCfg = Release|Any CPU
		{9BDE0E37-108F-BE58-367F-83F7A747E2C5}.Release|Any CPU.Build.0 = Release|Any CPU
		{B31C97C0-A138-4E57-83EC-4F564CFEC07E}.Debug|Any CPU.ActiveCfg = Debug|Any CPU
		{B31C97C0-A138-4E57-83EC-4F564CFEC07E}.Debug|Any CPU.Build.0 = Debug|Any CPU
		{B31C97C0-A138-4E57-83EC-4F564CFEC07E}.Release|Any CPU.ActiveCfg = Release|Any CPU
		{B31C97C0-A138-4E57-83EC-4F564CFEC07E}.Release|Any CPU.Build.0 = Release|Any CPU
		{8CE4F511-11BB-2EF1-DE13-461D4814B097}.Debug|Any CPU.ActiveCfg = Debug|Any CPU
		{8CE4F511-11BB-2EF1-DE13-461D4814B097}.Debug|Any CPU.Build.0 = Debug|Any CPU
		{8CE4F511-11BB-2EF1-DE13-461D4814B097}.Release|Any CPU.ActiveCfg = Release|Any CPU
		{8CE4F511-11BB-2EF1-DE13-461D4814B097}.Release|Any CPU.Build.0 = Release|Any CPU
	EndGlobalSection
	GlobalSection(SolutionProperties) = preSolution
		HideSolutionNode = FALSE
	EndGlobalSection
EndGlobal
