Microsoft Visual Studio Solution File, Format Version 11.00
# Visual Studio 2008

Project("{8578A16C-18B5-EF96-89A9-7096BB7BA38A}") = "BearWitchProject", "Assembly-CSharp-firstpass.csproj", "{37BD3902-0291-4E3E-A812-E02830632FE4}"
EndProject
Project("{8578A16C-18B5-EF96-89A9-7096BB7BA38A}") = "BearWitchProject", "Assembly-CSharp.csproj", "{A20B02DD-E4AA-B704-2D39-4B1789F47BED}"
EndProject
Project("{8578A16C-18B5-EF96-89A9-7096BB7BA38A}") = "BearWitchProject", "Assembly-CSharp-Editor.csproj", "{0C179429-3D64-E88B-6CDC-FEA32122BBAB}"
EndProject
Global
	GlobalSection(SolutionConfigurationPlatforms) = preSolution
		Debug|Any CPU = Debug|Any CPU
		Release|Any CPU = Release|Any CPU
	EndGlobalSection
	GlobalSection(ProjectConfigurationPlatforms) = postSolution
		{37BD3902-0291-4E3E-A812-E02830632FE4}.Debug|Any CPU.ActiveCfg = Debug|Any CPU
		{37BD3902-0291-4E3E-A812-E02830632FE4}.Debug|Any CPU.Build.0 = Debug|Any CPU
		{37BD3902-0291-4E3E-A812-E02830632FE4}.Release|Any CPU.ActiveCfg = Release|Any CPU
		{37BD3902-0291-4E3E-A812-E02830632FE4}.Release|Any CPU.Build.0 = Release|Any CPU
		{A20B02DD-E4AA-B704-2D39-4B1789F47BED}.Debug|Any CPU.ActiveCfg = Debug|Any CPU
		{A20B02DD-E4AA-B704-2D39-4B1789F47BED}.Debug|Any CPU.Build.0 = Debug|Any CPU
		{A20B02DD-E4AA-B704-2D39-4B1789F47BED}.Release|Any CPU.ActiveCfg = Release|Any CPU
		{A20B02DD-E4AA-B704-2D39-4B1789F47BED}.Release|Any CPU.Build.0 = Release|Any CPU
		{0C179429-3D64-E88B-6CDC-FEA32122BBAB}.Debug|Any CPU.ActiveCfg = Debug|Any CPU
		{0C179429-3D64-E88B-6CDC-FEA32122BBAB}.Debug|Any CPU.Build.0 = Debug|Any CPU
		{0C179429-3D64-E88B-6CDC-FEA32122BBAB}.Release|Any CPU.ActiveCfg = Release|Any CPU
		{0C179429-3D64-E88B-6CDC-FEA32122BBAB}.Release|Any CPU.Build.0 = Release|Any CPU
	EndGlobalSection
	GlobalSection(SolutionProperties) = preSolution
		HideSolutionNode = FALSE
	EndGlobalSection
	GlobalSection(MonoDevelopProperties) = preSolution
		StartupItem = Assembly-CSharp.csproj
	EndGlobalSection
EndGlobal
